<Solution>
  <Folder Name="/src/">
    <Project Path="src/WeChatCopilot.AI/WeChatCopilot.AI.csproj" />
    <Project Path="src/WeChatCopilot.App/WeChatCopilot.App.csproj" />
    <Project Path="src/WeChatCopilot.Core/WeChatCopilot.Core.csproj" />
    <Project Path="src/WeChatCopilot.Data/WeChatCopilot.Data.csproj" />
    <Project Path="src/WeChatCopilot.Ocr/WeChatCopilot.Ocr.csproj" />
    <Project Path="src/WeChatCopilot.Windows/WeChatCopilot.Windows.csproj" />
  </Folder>
  <Folder Name="/tests/">
    <Project Path="tests/WeChatCopilot.Tests/WeChatCopilot.Tests.csproj" />
  </Folder>
</Solution>
